
Microsoft Visual Studio Solution File, Format Version 12.00
# Visual Studio Version 17
VisualStudioVersion = 17.3.32922.545
MinimumVisualStudioVersion = 10.0.40219.1
Project("{FAE04EC0-301F-11D3-BF4B-00C04F79EFBC}") = "Hancock_LinkedList_Project", "Hancock_LinkedList_Project\Hancock_LinkedList_Project.csproj", "{FF0AE14E-EECE-4D27-811E-28DB10F0895F}"
EndProject
Global
	GlobalSection(SolutionConfigurationPlatforms) = preSolution
		Debug|Any CPU = Debug|Any CPU
		Release|Any CPU = Release|Any CPU
	EndGlobalSection
	GlobalSection(ProjectConfigurationPlatforms) = postSolution
		{FF0AE14E-EECE-4D27-811E-28DB10F0895F}.Debug|Any CPU.ActiveCfg = Debug|Any CPU
		{FF0AE14E-EECE-4D27-811E-28DB10F0895F}.Debug|Any CPU.Build.0 = Debug|Any CPU
		{FF0AE14E-EECE-4D27-811E-28DB10F0895F}.Release|Any CPU.ActiveCfg = Release|Any CPU
		{FF0AE14E-EECE-4D27-811E-28DB10F0895F}.Release|Any CPU.Build.0 = Release|Any CPU
	EndGlobalSection
	GlobalSection(SolutionProperties) = preSolution
		HideSolutionNode = FALSE
	EndGlobalSection
	GlobalSection(ExtensibilityGlobals) = postSolution
		SolutionGuid = {1092FF7C-A947-4D23-B400-1ED2338A5CAC}
	EndGlobalSection
EndGlobal
